
Microsoft Visual Studio Solution File, Format Version 12.00
# Visual Studio Version 17
VisualStudioVersion = 17.3.32929.385
MinimumVisualStudioVersion = 10.0.40219.1
Project("{9A19103F-16F7-4668-BE54-9A1E7A4F7556}") = "SalimBlazorECommerce.Server", "SalimBlazorECommerce\Server\SalimBlazorECommerce.Server.csproj", "{0C4A57F0-5C28-4373-9807-C7D787EDBA57}"
EndProject
Project("{9A19103F-16F7-4668-BE54-9A1E7A4F7556}") = "SalimBlazorECommerce.Client", "SalimBlazorECommerce\Client\SalimBlazorECommerce.Client.csproj", "{7CC64FFF-1DD2-485A-9F4E-F36BB73CC135}"
EndProject
Project("{9A19103F-16F7-4668-BE54-9A1E7A4F7556}") = "SalimBlazorECommerce.Shared", "SalimBlazorECommerce\Shared\SalimBlazorECommerce.Shared.csproj", "{AD9BF770-98EE-4A95-94AA-5B3188AEDCAB}"
EndProject
Global
	GlobalSection(SolutionConfigurationPlatforms) = preSolution
		Debug|Any CPU = Debug|Any CPU
		Release|Any CPU = Release|Any CPU
	EndGlobalSection
	GlobalSection(ProjectConfigurationPlatforms) = postSolution
		{0C4A57F0-5C28-4373-9807-C7D787EDBA57}.Debug|Any CPU.ActiveCfg = Debug|Any CPU
		{0C4A57F0-5C28-4373-9807-C7D787EDBA57}.Debug|Any CPU.Build.0 = Debug|Any CPU
		{0C4A57F0-5C28-4373-9807-C7D787EDBA57}.Release|Any CPU.ActiveCfg = Release|Any CPU
		{0C4A57F0-5C28-4373-9807-C7D787EDBA57}.Release|Any CPU.Build.0 = Release|Any CPU
		{7CC64FFF-1DD2-485A-9F4E-F36BB73CC135}.Debug|Any CPU.ActiveCfg = Debug|Any CPU
		{7CC64FFF-1DD2-485A-9F4E-F36BB73CC135}.Debug|Any CPU.Build.0 = Debug|Any CPU
		{7CC64FFF-1DD2-485A-9F4E-F36BB73CC135}.Release|Any CPU.ActiveCfg = Release|Any CPU
		{7CC64FFF-1DD2-485A-9F4E-F36BB73CC135}.Release|Any CPU.Build.0 = Release|Any CPU
		{AD9BF770-98EE-4A95-94AA-5B3188AEDCAB}.Debug|Any CPU.ActiveCfg = Debug|Any CPU
		{AD9BF770-98EE-4A95-94AA-5B3188AEDCAB}.Debug|Any CPU.Build.0 = Debug|Any CPU
		{AD9BF770-98EE-4A95-94AA-5B3188AEDCAB}.Release|Any CPU.ActiveCfg = Release|Any CPU
		{AD9BF770-98EE-4A95-94AA-5B3188AEDCAB}.Release|Any CPU.Build.0 = Release|Any CPU
	EndGlobalSection
	GlobalSection(SolutionProperties) = preSolution
		HideSolutionNode = FALSE
	EndGlobalSection
	GlobalSection(ExtensibilityGlobals) = postSolution
		SolutionGuid = {95F45A62-46A7-40CD-9E4A-BAE2DB4BD067}
	EndGlobalSection
EndGlobal
